# This file is automatically @generated by Cargo.
# It is not intended for manual editing.
version = 3

[[package]]
name = "five8_const"
version = "0.1.3"
source = "registry+https://github.com/rust-lang/crates.io-index"
checksum = "72b4f62f0f8ca357f93ae90c8c2dd1041a1f665fde2f889ea9b1787903829015"
dependencies = [
 "five8_core",
]

[[package]]
name = "five8_core"
version = "0.1.0"
source = "registry+https://github.com/rust-lang/crates.io-index"
checksum = "9b2a72055cd9cffc40c9f75f1e5810c80559e158796cf2202292ce4745889588"

[[package]]
name = "pinocchio"
version = "0.6.0"

[[package]]
name = "pinocchio-pubkey"
version = "0.2.1"
dependencies = [
 "five8_const",
 "pinocchio",
]

[[package]]
name = "pinocchio-system"
version = "0.2.0"
dependencies = [
 "pinocchio",
 "pinocchio-pubkey",
]

[[package]]
name = "pinocchio-token"
version = "0.1.0"
dependencies = [
 "pinocchio",
 "pinocchio-pubkey",
]
