# This file is automatically @generated by Cargo.
# It is not intended for manual editing.
version = 4

[[package]]
name = "aho-corasick"
version = "1.1.3"
source = "registry+https://github.com/rust-lang/crates.io-index"
checksum = "8e60d3430d3a69478ad0993f19238d2df97c507009a52b3c10addcd7f6bcb916"
dependencies = [
 "memchr",
]

[[package]]
name = "five8_const"
version = "0.1.3"
source = "registry+https://github.com/rust-lang/crates.io-index"
checksum = "72b4f62f0f8ca357f93ae90c8c2dd1041a1f665fde2f889ea9b1787903829015"
dependencies = [
 "five8_core",
]

[[package]]
name = "five8_core"
version = "0.1.0"
source = "registry+https://github.com/rust-lang/crates.io-index"
checksum = "9b2a72055cd9cffc40c9f75f1e5810c80559e158796cf2202292ce4745889588"

[[package]]
name = "memchr"
version = "2.7.4"
source = "registry+https://github.com/rust-lang/crates.io-index"
checksum = "78ca9ab1a0babb1e7d5695e3530886289c18cf2f87ec19a575a0abdce112e3a3"

[[package]]
name = "pinocchio"
version = "0.7.1"

[[package]]
name = "pinocchio-associated-token-account"
version = "0.1.0"
dependencies = [
 "pinocchio",
 "pinocchio-cpi",
 "pinocchio-pubkey",
]

[[package]]
name = "pinocchio-cpi"
version = "0.1.0"
dependencies = [
 "pinocchio",
 "solana-define-syscall",
]

[[package]]
name = "pinocchio-log"
version = "0.3.0"
dependencies = [
 "pinocchio-log-macro",
]

[[package]]
name = "pinocchio-log-macro"
version = "0.3.0"
dependencies = [
 "quote",
 "regex",
 "syn",
]

[[package]]
name = "pinocchio-pubkey"
version = "0.2.2"
dependencies = [
 "five8_const",
 "pinocchio",
]

[[package]]
name = "pinocchio-system"
version = "0.2.1"
dependencies = [
 "pinocchio",
 "pinocchio-cpi",
 "pinocchio-pubkey",
]

[[package]]
name = "pinocchio-token"
version = "0.2.1"
dependencies = [
 "pinocchio",
 "pinocchio-cpi",
 "pinocchio-pubkey",
]

[[package]]
name = "proc-macro2"
version = "1.0.89"
source = "registry+https://github.com/rust-lang/crates.io-index"
checksum = "f139b0662de085916d1fb67d2b4169d1addddda1919e696f3252b740b629986e"
dependencies = [
 "unicode-ident",
]

[[package]]
name = "quote"
version = "1.0.37"
source = "registry+https://github.com/rust-lang/crates.io-index"
checksum = "b5b9d34b8991d19d98081b46eacdd8eb58c6f2b201139f7c5f643cc155a633af"
dependencies = [
 "proc-macro2",
]

[[package]]
name = "regex"
version = "1.11.1"
source = "registry+https://github.com/rust-lang/crates.io-index"
checksum = "b544ef1b4eac5dc2db33ea63606ae9ffcfac26c1416a2806ae0bf5f56b201191"
dependencies = [
 "aho-corasick",
 "memchr",
 "regex-automata",
 "regex-syntax",
]

[[package]]
name = "regex-automata"
version = "0.4.9"
source = "registry+https://github.com/rust-lang/crates.io-index"
checksum = "809e8dc61f6de73b46c85f4c96486310fe304c434cfa43669d7b40f711150908"
dependencies = [
 "aho-corasick",
 "memchr",
 "regex-syntax",
]

[[package]]
name = "regex-syntax"
version = "0.8.5"
source = "registry+https://github.com/rust-lang/crates.io-index"
checksum = "2b15c43186be67a4fd63bee50d0303afffcef381492ebe2c5d87f324e1b8815c"

[[package]]
name = "solana-define-syscall"
version = "2.2.0"
source = "registry+https://github.com/rust-lang/crates.io-index"
checksum = "acfe725269aac42d044cca5a99cfe8bd3b3f10e8d429b51f0c274e434fb34556"

[[package]]
name = "syn"
version = "1.0.109"
source = "registry+https://github.com/rust-lang/crates.io-index"
checksum = "72b64191b275b66ffe2469e8af2c1cfe3bafa67b529ead792a6d0160888b4237"
dependencies = [
 "proc-macro2",
 "quote",
 "unicode-ident",
]

[[package]]
name = "unicode-ident"
version = "1.0.13"
source = "registry+https://github.com/rust-lang/crates.io-index"
checksum = "e91b56cd4cadaeb79bbf1a5645f6b4f8dc5bde8834ad5894a8db35fda9efa1fe"
